chardet==5.2.0 --hash=sha256:e1cf59446890a00105fe7b7912492ea04b6e6f06d4b742b2c788469e34c82970
iniconfig==2.3.0 --hash=sha256:f631c04d2c48c52b84d0d0549c99ff3859c98df65b3101406327ecc7d53fbf12
packaging==26.2 --hash=sha256:5fc45236b9446107ff2415ce77c807cee2862cb6fac22b8a73826d0693b0980e
pluggy==1.6.0 --hash=sha256:e920276dd6813095e9377c0bc5566d94c932c33b27a3e3945d8389c374dd4746
pyahocorasick==2.1.0 --hash=sha256:f209796e7d354734781dd883c333596e482c70136fa76a4cb169f383e6c40bca
pygments==2.20.0 --hash=sha256:81a9e26dd42fd28a23a2d169d86d7ac03b46e2f8b59ed4698fb4785f946d0176
pytest==9.0.3 --hash=sha256:2c5efc453d45394fdd706ade797c0a81091eccd1d6e4bccfcd476e2b8e0ab5d9
tree-sitter==0.21.3 --hash=sha256:af992dfe08b4fefcfcdb40548d0d26d5d2e0a0f2d833487372f3728cd0772b48
tree-sitter-c==0.21.4 --hash=sha256:cb8c67c725a5034160c80de8309f1076d7755be2574ed0df8f4eaf28a2b4fdcd
tree-sitter-java==0.21.0 --hash=sha256:f9c01f48ec3a3d4b55fb2c56b7cad6ebf94dba568d690b45d966731859485dd4
