chardet==5.2.0 --hash=sha256:e1cf59446890a00105fe7b7912492ea04b6e6f06d4b742b2c788469e34c82970
iniconfig==2.3.0 --hash=sha256:f631c04d2c48c52b84d0d0549c99ff3859c98df65b3101406327ecc7d53fbf12
packaging==26.2 --hash=sha256:5fc45236b9446107ff2415ce77c807cee2862cb6fac22b8a73826d0693b0980e
pluggy==1.6.0 --hash=sha256:e920276dd6813095e9377c0bc5566d94c932c33b27a3e3945d8389c374dd4746
pyahocorasick==2.3.1 --hash=sha256:9a4d4f5b05ce9d8af82c40ed39cd6892613e9e8bf1b5e6ea79009c566430adb1 --hash=sha256:9ec1d3465f25a5063c7eaa85ecb106cbe256064669c754e0b13b2483cf613a98
pygments==2.20.0 --hash=sha256:81a9e26dd42fd28a23a2d169d86d7ac03b46e2f8b59ed4698fb4785f946d0176
pytest==9.0.3 --hash=sha256:2c5efc453d45394fdd706ade797c0a81091eccd1d6e4bccfcd476e2b8e0ab5d9
setuptools==82.0.1 --hash=sha256:a59e362652f08dcd477c78bb6e7bd9d80a7995bc73ce773050228a348ce2e5bb
tree-sitter==0.21.3 --hash=sha256:6a3e06ae2a517cf6f1abb682974f76fa760298e6d5a3ecf2cf140c70f898adf0 --hash=sha256:af992dfe08b4fefcfcdb40548d0d26d5d2e0a0f2d833487372f3728cd0772b48
tree-sitter-c==0.21.4 --hash=sha256:0d7830946d906ab5565e1f78fbe6ae870b6f4736d70fc8f92d933a5adf9b06eb --hash=sha256:cb8c67c725a5034160c80de8309f1076d7755be2574ed0df8f4eaf28a2b4fdcd
tree-sitter-java==0.21.0 --hash=sha256:6b82318982531a473c598601d73956b0b1f9e608d39e427ba8c1a59f2d6da262 --hash=sha256:f9c01f48ec3a3d4b55fb2c56b7cad6ebf94dba568d690b45d966731859485dd4
wheel==0.47.0 --hash=sha256:212281cab4dff978f6cedd499cd893e1f620791ca6ff7107cf270781e587eced
